
Microsoft Visual Studio Solution File, Format Version 12.00
# Visual Studio Version 17
VisualStudioVersion = 17.6.33815.320
MinimumVisualStudioVersion = 10.0.40219.1
Project("{9A19103F-16F7-4668-BE54-9A1E7A4F7556}") = "Model", "Model\Model.csproj", "{EB5D31B2-4C7F-4CE0-A10F-1B22A5DF6A1B}"
EndProject
Project("{9A19103F-16F7-4668-BE54-9A1E7A4F7556}") = "DataAccessLayer", "DataAccessLayer\DataAccessLayer.csproj", "{B13B7909-58D7-4ECB-8251-6D03A876DF29}"
EndProject
Project("{9A19103F-16F7-4668-BE54-9A1E7A4F7556}") = "BussinessLayer", "BussinessLayer\BussinessLayer.csproj", "{2A9AA2BE-C780-426A-8249-6091AE0350E8}"
EndProject
Project("{9A19103F-16F7-4668-BE54-9A1E7A4F7556}") = "BTL_API", "API_BTL\BTL_API.csproj", "{17690701-2944-4E54-84BA-C25716CAF87E}"
EndProject
Global
	GlobalSection(SolutionConfigurationPlatforms) = preSolution
		Debug|Any CPU = Debug|Any CPU
		Release|Any CPU = Release|Any CPU
	EndGlobalSection
	GlobalSection(ProjectConfigurationPlatforms) = postSolution
		{EB5D31B2-4C7F-4CE0-A10F-1B22A5DF6A1B}.Debug|Any CPU.ActiveCfg = Debug|Any CPU
		{EB5D31B2-4C7F-4CE0-A10F-1B22A5DF6A1B}.Debug|Any CPU.Build.0 = Debug|Any CPU
		{EB5D31B2-4C7F-4CE0-A10F-1B22A5DF6A1B}.Release|Any CPU.ActiveCfg = Release|Any CPU
		{EB5D31B2-4C7F-4CE0-A10F-1B22A5DF6A1B}.Release|Any CPU.Build.0 = Release|Any CPU
		{B13B7909-58D7-4ECB-8251-6D03A876DF29}.Debug|Any CPU.ActiveCfg = Debug|Any CPU
		{B13B7909-58D7-4ECB-8251-6D03A876DF29}.Debug|Any CPU.Build.0 = Debug|Any CPU
		{B13B7909-58D7-4ECB-8251-6D03A876DF29}.Release|Any CPU.ActiveCfg = Release|Any CPU
		{B13B7909-58D7-4ECB-8251-6D03A876DF29}.Release|Any CPU.Build.0 = Release|Any CPU
		{2A9AA2BE-C780-426A-8249-6091AE0350E8}.Debug|Any CPU.ActiveCfg = Debug|Any CPU
		{2A9AA2BE-C780-426A-8249-6091AE0350E8}.Debug|Any CPU.Build.0 = Debug|Any CPU
		{2A9AA2BE-C780-426A-8249-6091AE0350E8}.Release|Any CPU.ActiveCfg = Release|Any CPU
		{2A9AA2BE-C780-426A-8249-6091AE0350E8}.Release|Any CPU.Build.0 = Release|Any CPU
		{17690701-2944-4E54-84BA-C25716CAF87E}.Debug|Any CPU.ActiveCfg = Debug|Any CPU
		{17690701-2944-4E54-84BA-C25716CAF87E}.Debug|Any CPU.Build.0 = Debug|Any CPU
		{17690701-2944-4E54-84BA-C25716CAF87E}.Release|Any CPU.ActiveCfg = Release|Any CPU
		{17690701-2944-4E54-84BA-C25716CAF87E}.Release|Any CPU.Build.0 = Release|Any CPU
	EndGlobalSection
	GlobalSection(SolutionProperties) = preSolution
		HideSolutionNode = FALSE
	EndGlobalSection
	GlobalSection(ExtensibilityGlobals) = postSolution
		SolutionGuid = {08D6346F-59EC-4BDB-B5CA-450EDE3A5196}
	EndGlobalSection
EndGlobal
